
Microsoft Visual Studio Solution File, Format Version 12.00
# Visual Studio Version 16
VisualStudioVersion = 16.0.29519.161
MinimumVisualStudioVersion = 10.0.40219.1
Project("{FAE04EC0-301F-11D3-BF4B-00C04F79EFBC}") = "BlazorApp1", "BlazorApp1\BlazorApp1.csproj", "{47AE8F45-5893-431F-83E2-4EBF0123A186}"
EndProject
Global
	GlobalSection(SolutionConfigurationPlatforms) = preSolution
		Debug|Any CPU = Debug|Any CPU
		Release|Any CPU = Release|Any CPU
	EndGlobalSection
	GlobalSection(ProjectConfigurationPlatforms) = postSolution
		{47AE8F45-5893-431F-83E2-4EBF0123A186}.Debug|Any CPU.ActiveCfg = Debug|Any CPU
		{47AE8F45-5893-431F-83E2-4EBF0123A186}.Debug|Any CPU.Build.0 = Debug|Any CPU
		{47AE8F45-5893-431F-83E2-4EBF0123A186}.Release|Any CPU.ActiveCfg = Release|Any CPU
		{47AE8F45-5893-431F-83E2-4EBF0123A186}.Release|Any CPU.Build.0 = Release|Any CPU
	EndGlobalSection
	GlobalSection(SolutionProperties) = preSolution
		HideSolutionNode = FALSE
	EndGlobalSection
	GlobalSection(ExtensibilityGlobals) = postSolution
		SolutionGuid = {133CA6B8-9504-4E48-8F46-47C34637AC94}
	EndGlobalSection
EndGlobal
